{
  "name": "ceshengchenmingli",
  "version": "1.0.0",
  "lockfileVersion": 3,
  "requires": true,
  "packages": {
    "": {
      "name": "ceshengchenmingli",
      "version": "1.0.0",
      "license": "ISC",
      "dependencies": {
        "lottie-miniapp": "^1.9.1"
      }
    },
    "node_modules/lottie-miniapp": {
      "version": "1.9.1",
      "resolved": "https://registry.npmjs.org/lottie-miniapp/-/lottie-miniapp-1.9.1.tgz",
      "integrity": "sha512-5N3NePwg7fimyehcojRb2FsYnfh8D/wYkToGWCayMNXMBOAtWfoggFrUwuNwU8OG3LBlGGrTsuxDmhkGXoJ6BQ==",
      "license": "MIT"
    }
  }
}
